
Microsoft Visual Studio Solution File, Format Version 12.00
# Visual Studio Version 16
VisualStudioVersion = 16.0.31702.278
MinimumVisualStudioVersion = 10.0.40219.1
Project("{FAE04EC0-301F-11D3-BF4B-00C04F79EFBC}") = "Wsei.Lab3", "Wsei.Lab3\Wsei.Lab3.csproj", "{2846FFB4-59F7-40AE-97B1-5B97BB348CD9}"
EndProject
Global
	GlobalSection(SolutionConfigurationPlatforms) = preSolution
		Debug|Any CPU = Debug|Any CPU
		Release|Any CPU = Release|Any CPU
	EndGlobalSection
	GlobalSection(ProjectConfigurationPlatforms) = postSolution
		{2846FFB4-59F7-40AE-97B1-5B97BB348CD9}.Debug|Any CPU.ActiveCfg = Debug|Any CPU
		{2846FFB4-59F7-40AE-97B1-5B97BB348CD9}.Debug|Any CPU.Build.0 = Debug|Any CPU
		{2846FFB4-59F7-40AE-97B1-5B97BB348CD9}.Release|Any CPU.ActiveCfg = Release|Any CPU
		{2846FFB4-59F7-40AE-97B1-5B97BB348CD9}.Release|Any CPU.Build.0 = Release|Any CPU
	EndGlobalSection
	GlobalSection(SolutionProperties) = preSolution
		HideSolutionNode = FALSE
	EndGlobalSection
	GlobalSection(ExtensibilityGlobals) = postSolution
		SolutionGuid = {39422543-7C16-4C99-880F-696D5BEE9106}
	EndGlobalSection
EndGlobal
